
Microsoft Visual Studio Solution File, Format Version 12.00
# Visual Studio Version 17
VisualStudioVersion = 17.0.32112.339
MinimumVisualStudioVersion = 10.0.40219.1
Project("{FAE04EC0-301F-11D3-BF4B-00C04F79EFBC}") = "Calculator", "Calculator\Calculator.csproj", "{EE1E7F89-9601-48E1-BD6F-923209316644}"
EndProject
Global
	GlobalSection(SolutionConfigurationPlatforms) = preSolution
		Debug|Any CPU = Debug|Any CPU
		Release|Any CPU = Release|Any CPU
	EndGlobalSection
	GlobalSection(ProjectConfigurationPlatforms) = postSolution
		{EE1E7F89-9601-48E1-BD6F-923209316644}.Debug|Any CPU.ActiveCfg = Debug|Any CPU
		{EE1E7F89-9601-48E1-BD6F-923209316644}.Debug|Any CPU.Build.0 = Debug|Any CPU
		{EE1E7F89-9601-48E1-BD6F-923209316644}.Release|Any CPU.ActiveCfg = Release|Any CPU
		{EE1E7F89-9601-48E1-BD6F-923209316644}.Release|Any CPU.Build.0 = Release|Any CPU
	EndGlobalSection
	GlobalSection(SolutionProperties) = preSolution
		HideSolutionNode = FALSE
	EndGlobalSection
	GlobalSection(ExtensibilityGlobals) = postSolution
		SolutionGuid = {86A0FDBC-834A-4E52-BA0B-20B003352116}
	EndGlobalSection
EndGlobal
